
Microsoft Visual Studio Solution File, Format Version 12.00
# Visual Studio Version 17
VisualStudioVersion = 17.0.31919.166
MinimumVisualStudioVersion = 10.0.40219.1
Project("{FAE04EC0-301F-11D3-BF4B-00C04F79EFBC}") = "AppInsightsLoggingNet", "AppInsightsLoggingNet\AppInsightsLoggingNet.csproj", "{46268623-B441-4C09-9D7A-A5E058FE6D01}"
EndProject
Global
	GlobalSection(SolutionConfigurationPlatforms) = preSolution
		Debug|Any CPU = Debug|Any CPU
		Release|Any CPU = Release|Any CPU
	EndGlobalSection
	GlobalSection(ProjectConfigurationPlatforms) = postSolution
		{46268623-B441-4C09-9D7A-A5E058FE6D01}.Debug|Any CPU.ActiveCfg = Debug|Any CPU
		{46268623-B441-4C09-9D7A-A5E058FE6D01}.Debug|Any CPU.Build.0 = Debug|Any CPU
		{46268623-B441-4C09-9D7A-A5E058FE6D01}.Release|Any CPU.ActiveCfg = Release|Any CPU
		{46268623-B441-4C09-9D7A-A5E058FE6D01}.Release|Any CPU.Build.0 = Release|Any CPU
	EndGlobalSection
	GlobalSection(SolutionProperties) = preSolution
		HideSolutionNode = FALSE
	EndGlobalSection
	GlobalSection(ExtensibilityGlobals) = postSolution
		SolutionGuid = {398BCFA8-F0CE-46F7-93E3-C82977A9FF55}
	EndGlobalSection
EndGlobal
